
Microsoft Visual Studio Solution File, Format Version 12.00
# Visual Studio Version 17
VisualStudioVersion = 17.1.31911.260
MinimumVisualStudioVersion = 10.0.40219.1
Project("{9A19103F-16F7-4668-BE54-9A1E7A4F7556}") = "Strategy Pattern", "..\..\..\Downloads\c-sharp-design-patterns-strategy\02\demos\Demo 1 - Strategy Pattern First Look\Start_Here\Strategy Pattern.csproj", "{EEE94075-65FD-4378-B92C-1861BA25F223}"
EndProject
Global
	GlobalSection(SolutionConfigurationPlatforms) = preSolution
		Debug|Any CPU = Debug|Any CPU
		Release|Any CPU = Release|Any CPU
	EndGlobalSection
	GlobalSection(ProjectConfigurationPlatforms) = postSolution
		{EEE94075-65FD-4378-B92C-1861BA25F223}.Debug|Any CPU.ActiveCfg = Debug|Any CPU
		{EEE94075-65FD-4378-B92C-1861BA25F223}.Debug|Any CPU.Build.0 = Debug|Any CPU
		{EEE94075-65FD-4378-B92C-1861BA25F223}.Release|Any CPU.ActiveCfg = Release|Any CPU
		{EEE94075-65FD-4378-B92C-1861BA25F223}.Release|Any CPU.Build.0 = Release|Any CPU
	EndGlobalSection
	GlobalSection(SolutionProperties) = preSolution
		HideSolutionNode = FALSE
	EndGlobalSection
	GlobalSection(ExtensibilityGlobals) = postSolution
		SolutionGuid = {43BA4273-3DD2-4528-9625-CED4EC543F4E}
	EndGlobalSection
EndGlobal
